
Microsoft Visual Studio Solution File, Format Version 12.00
# Visual Studio 15
VisualStudioVersion = 15.0.28010.0
MinimumVisualStudioVersion = 10.0.40219.1
Project("{FAE04EC0-301F-11D3-BF4B-00C04F79EFBC}") = "AllenLibrary", "AllenLibrary\AllenLibrary.csproj", "{7A7A1608-4CFA-480A-8E8D-393C966E72FD}"
EndProject
Project("{FAE04EC0-301F-11D3-BF4B-00C04F79EFBC}") = "AllenLibraryTests", "AllenLibraryTests\AllenLibraryTests.csproj", "{21F4459F-6481-405E-921A-B47F69F12878}"
EndProject
Global
	GlobalSection(SolutionConfigurationPlatforms) = preSolution
		Debug|Any CPU = Debug|Any CPU
		Release|Any CPU = Release|Any CPU
	EndGlobalSection
	GlobalSection(ProjectConfigurationPlatforms) = postSolution
		{7A7A1608-4CFA-480A-8E8D-393C966E72FD}.Debug|Any CPU.ActiveCfg = Debug|Any CPU
		{7A7A1608-4CFA-480A-8E8D-393C966E72FD}.Debug|Any CPU.Build.0 = Debug|Any CPU
		{7A7A1608-4CFA-480A-8E8D-393C966E72FD}.Release|Any CPU.ActiveCfg = Release|Any CPU
		{7A7A1608-4CFA-480A-8E8D-393C966E72FD}.Release|Any CPU.Build.0 = Release|Any CPU
		{21F4459F-6481-405E-921A-B47F69F12878}.Debug|Any CPU.ActiveCfg = Debug|Any CPU
		{21F4459F-6481-405E-921A-B47F69F12878}.Debug|Any CPU.Build.0 = Debug|Any CPU
		{21F4459F-6481-405E-921A-B47F69F12878}.Release|Any CPU.ActiveCfg = Release|Any CPU
		{21F4459F-6481-405E-921A-B47F69F12878}.Release|Any CPU.Build.0 = Release|Any CPU
	EndGlobalSection
	GlobalSection(SolutionProperties) = preSolution
		HideSolutionNode = FALSE
	EndGlobalSection
	GlobalSection(ExtensibilityGlobals) = postSolution
		SolutionGuid = {1098483D-5666-4B94-987B-300E1563320E}
	EndGlobalSection
EndGlobal
